
Microsoft Visual Studio Solution File, Format Version 12.00
# Visual Studio Version 17
VisualStudioVersion = 17.5.33627.172
MinimumVisualStudioVersion = 10.0.40219.1
Project("{FAE04EC0-301F-11D3-BF4B-00C04F79EFBC}") = "AddressBook", "AddressBook\AddressBook.csproj", "{7EF2F478-F5F2-4DEB-BEAC-29D3E693301A}"
EndProject
Global
	GlobalSection(SolutionConfigurationPlatforms) = preSolution
		Debug|Any CPU = Debug|Any CPU
		Release|Any CPU = Release|Any CPU
	EndGlobalSection
	GlobalSection(ProjectConfigurationPlatforms) = postSolution
		{7EF2F478-F5F2-4DEB-BEAC-29D3E693301A}.Debug|Any CPU.ActiveCfg = Debug|Any CPU
		{7EF2F478-F5F2-4DEB-BEAC-29D3E693301A}.Debug|Any CPU.Build.0 = Debug|Any CPU
		{7EF2F478-F5F2-4DEB-BEAC-29D3E693301A}.Release|Any CPU.ActiveCfg = Release|Any CPU
		{7EF2F478-F5F2-4DEB-BEAC-29D3E693301A}.Release|Any CPU.Build.0 = Release|Any CPU
	EndGlobalSection
	GlobalSection(SolutionProperties) = preSolution
		HideSolutionNode = FALSE
	EndGlobalSection
	GlobalSection(ExtensibilityGlobals) = postSolution
		SolutionGuid = {46BB00B2-A908-4CF0-922D-5E28D836BE98}
	EndGlobalSection
EndGlobal
